
Microsoft Visual Studio Solution File, Format Version 12.00
# Visual Studio Version 16
VisualStudioVersion = 16.0.30907.101
MinimumVisualStudioVersion = 10.0.40219.1
Project("{FAE04EC0-301F-11D3-BF4B-00C04F79EFBC}") = "Mail-Sender-App", "Mail-Sender-App\Mail-Sender-App.csproj", "{7DFCF0EE-441D-4DF8-A122-4190A2B45279}"
EndProject
Global
	GlobalSection(SolutionConfigurationPlatforms) = preSolution
		Debug|Any CPU = Debug|Any CPU
		Release|Any CPU = Release|Any CPU
	EndGlobalSection
	GlobalSection(ProjectConfigurationPlatforms) = postSolution
		{7DFCF0EE-441D-4DF8-A122-4190A2B45279}.Debug|Any CPU.ActiveCfg = Debug|Any CPU
		{7DFCF0EE-441D-4DF8-A122-4190A2B45279}.Debug|Any CPU.Build.0 = Debug|Any CPU
		{7DFCF0EE-441D-4DF8-A122-4190A2B45279}.Release|Any CPU.ActiveCfg = Release|Any CPU
		{7DFCF0EE-441D-4DF8-A122-4190A2B45279}.Release|Any CPU.Build.0 = Release|Any CPU
	EndGlobalSection
	GlobalSection(SolutionProperties) = preSolution
		HideSolutionNode = FALSE
	EndGlobalSection
	GlobalSection(ExtensibilityGlobals) = postSolution
		SolutionGuid = {E18BA4D0-47AC-441B-89E1-B9F148267442}
	EndGlobalSection
EndGlobal
